// !$*UTF8*$!
{
	archiveVersion = 1;
	classes = {
	};
	objectVersion = 46;
	objects = {

/* Begin PBXBuildFile section */
		CD5764F11F6D6080004EDD34 /* City.swift in Sources */ = {isa = PBXBuildFile; fileRef = CD5764F01F6D6080004EDD34 /* City.swift */; };
		CD5764F21F6D63E2004EDD34 /* ZipCodeCalculator.swift in Sources */ = {isa = PBXBuildFile; fileRef = CDEA178E1F6D576F004EEE99 /* ZipCodeCalculator.swift */; };
		CD5764F31F6D63F8004EDD34 /* City.swift in Sources */ = {isa = PBXBuildFile; fileRef = CD5764F01F6D6080004EDD34 /* City.swift */; };
		CD5764F51F6D677F004EDD34 /* ZipCodeClient.swift in Sources */ = {isa = PBXBuildFile; fileRef = CD5764F41F6D677F004EDD34 /* ZipCodeClient.swift */; };
		CD5764F61F6D6850004EDD34 /* ZipCodeClient.swift in Sources */ = {isa = PBXBuildFile; fileRef = CD5764F41F6D677F004EDD34 /* ZipCodeClient.swift */; };
		CD5764F81F6D70B6004EDD34 /* JSONDictionary.swift in Sources */ = {isa = PBXBuildFile; fileRef = CD5764F71F6D70B6004EDD34 /* JSONDictionary.swift */; };
		CD5764F91F6D741F004EDD34 /* JSONDictionary.swift in Sources */ = {isa = PBXBuildFile; fileRef = CD5764F71F6D70B6004EDD34 /* JSONDictionary.swift */; };
		CD5764FE1F6D7634004EDD34 /* StatePopulationResponse.swift in Sources */ = {isa = PBXBuildFile; fileRef = CD5764FD1F6D7634004EDD34 /* StatePopulationResponse.swift */; };
		CD5764FF1F6D7636004EDD34 /* StatePopulationResponse.swift in Sources */ = {isa = PBXBuildFile; fileRef = CD5764FD1F6D7634004EDD34 /* StatePopulationResponse.swift */; };
		CD5765011F6D76F0004EDD34 /* AverageCityPopulationResponse.swift in Sources */ = {isa = PBXBuildFile; fileRef = CD5765001F6D76F0004EDD34 /* AverageCityPopulationResponse.swift */; };
		CD5765031F6D77CB004EDD34 /* CityPopulationResponse.swift in Sources */ = {isa = PBXBuildFile; fileRef = CD5765021F6D77CB004EDD34 /* CityPopulationResponse.swift */; };
		CD5765051F6D7855004EDD34 /* BiggestSmallestCitiesResponse.swift in Sources */ = {isa = PBXBuildFile; fileRef = CD5765041F6D7855004EDD34 /* BiggestSmallestCitiesResponse.swift */; };
		CD5765061F6D7A16004EDD34 /* BiggestSmallestCitiesResponse.swift in Sources */ = {isa = PBXBuildFile; fileRef = CD5765041F6D7855004EDD34 /* BiggestSmallestCitiesResponse.swift */; };
		CD5765071F6D7A1A004EDD34 /* CityPopulationResponse.swift in Sources */ = {isa = PBXBuildFile; fileRef = CD5765021F6D77CB004EDD34 /* CityPopulationResponse.swift */; };
		CD5765081F6D7A1E004EDD34 /* AverageCityPopulationResponse.swift in Sources */ = {isa = PBXBuildFile; fileRef = CD5765001F6D76F0004EDD34 /* AverageCityPopulationResponse.swift */; };
		CD5767511F6E9339004EDD34 /* ConsoleViewController.swift in Sources */ = {isa = PBXBuildFile; fileRef = CD5767501F6E9339004EDD34 /* ConsoleViewController.swift */; };
		CD5767531F6E945A004EDD34 /* UIColor+Application.swift in Sources */ = {isa = PBXBuildFile; fileRef = CD5767521F6E945A004EDD34 /* UIColor+Application.swift */; };
		CD5767551F6E9727004EDD34 /* UIFont+Application.swift in Sources */ = {isa = PBXBuildFile; fileRef = CD5767541F6E9727004EDD34 /* UIFont+Application.swift */; };
		CD57675C1F6E9B6F004EDD34 /* PromptTableViewCell.swift in Sources */ = {isa = PBXBuildFile; fileRef = CD57675B1F6E9B6F004EDD34 /* PromptTableViewCell.swift */; };
		CD57675E1F6E9C4B004EDD34 /* ResponseTableViewCell.swift in Sources */ = {isa = PBXBuildFile; fileRef = CD57675D1F6E9C4B004EDD34 /* ResponseTableViewCell.swift */; };
		CD5767631F6E9D90004EDD34 /* Prompt.swift in Sources */ = {isa = PBXBuildFile; fileRef = CD5767621F6E9D90004EDD34 /* Prompt.swift */; };
		CD5767661F6EAE4F004EDD34 /* CommandViewController.swift in Sources */ = {isa = PBXBuildFile; fileRef = CD5767641F6EAE4F004EDD34 /* CommandViewController.swift */; };
		CD5767671F6EAE4F004EDD34 /* CommandViewController.xib in Resources */ = {isa = PBXBuildFile; fileRef = CD5767651F6EAE4F004EDD34 /* CommandViewController.xib */; };
		CDBF21401F6EC243009BA1A2 /* CommandViewController.Command.swift in Sources */ = {isa = PBXBuildFile; fileRef = CDBF213F1F6EC242009BA1A2 /* CommandViewController.Command.swift */; };
		CDEA175F1F6D38E6004EEE99 /* AppDelegate.swift in Sources */ = {isa = PBXBuildFile; fileRef = CDEA175E1F6D38E6004EEE99 /* AppDelegate.swift */; };
		CDEA17641F6D38E6004EEE99 /* Main.storyboard in Resources */ = {isa = PBXBuildFile; fileRef = CDEA17621F6D38E6004EEE99 /* Main.storyboard */; };
		CDEA17661F6D38E6004EEE99 /* Assets.xcassets in Resources */ = {isa = PBXBuildFile; fileRef = CDEA17651F6D38E6004EEE99 /* Assets.xcassets */; };
		CDEA17691F6D38E6004EEE99 /* LaunchScreen.storyboard in Resources */ = {isa = PBXBuildFile; fileRef = CDEA17671F6D38E6004EEE99 /* LaunchScreen.storyboard */; };
		CDEA17741F6D38E6004EEE99 /* Server_SideAlgorithmTests.swift in Sources */ = {isa = PBXBuildFile; fileRef = CDEA17731F6D38E6004EEE99 /* Server_SideAlgorithmTests.swift */; };
		CDEA177F1F6D3AA4004EEE99 /* ZipCode.swift in Sources */ = {isa = PBXBuildFile; fileRef = CDEA177E1F6D3AA4004EEE99 /* ZipCode.swift */; };
		CDEA17801F6D3B87004EEE99 /* ZipCode.swift in Sources */ = {isa = PBXBuildFile; fileRef = CDEA177E1F6D3AA4004EEE99 /* ZipCode.swift */; };
		CDEA17821F6D3E5F004EEE99 /* State+TestData.swift in Sources */ = {isa = PBXBuildFile; fileRef = CDEA17811F6D3E5F004EEE99 /* State+TestData.swift */; };
		CDEA17881F6D4956004EEE99 /* testData.json in Resources */ = {isa = PBXBuildFile; fileRef = CDEA17861F6D44A0004EEE99 /* testData.json */; };
		CDEA178A1F6D50FC004EEE99 /* Reader.swift in Sources */ = {isa = PBXBuildFile; fileRef = CDEA17891F6D50FC004EEE99 /* Reader.swift */; };
		CDEA178B1F6D54F8004EEE99 /* Reader.swift in Sources */ = {isa = PBXBuildFile; fileRef = CDEA17891F6D50FC004EEE99 /* Reader.swift */; };
		CDEA178F1F6D576F004EEE99 /* ZipCodeCalculator.swift in Sources */ = {isa = PBXBuildFile; fileRef = CDEA178E1F6D576F004EEE99 /* ZipCodeCalculator.swift */; };
		CDEA17911F6D5A40004EEE99 /* State.swift in Sources */ = {isa = PBXBuildFile; fileRef = CDEA17901F6D5A40004EEE99 /* State.swift */; };
		CDEA17921F6D5CB2004EEE99 /* State.swift in Sources */ = {isa = PBXBuildFile; fileRef = CDEA17901F6D5A40004EEE99 /* State.swift */; };
/* End PBXBuildFile section */

/* Begin PBXContainerItemProxy section */
		CDEA17701F6D38E6004EEE99 /* PBXContainerItemProxy */ = {
			isa = PBXContainerItemProxy;
			containerPortal = CDEA17531F6D38E6004EEE99 /* Project object */;
			proxyType = 1;
			remoteGlobalIDString = CDEA175A1F6D38E6004EEE99;
			remoteInfo = "Server-SideAlgorithm";
		};
/* End PBXContainerItemProxy section */

/* Begin PBXFileReference section */
		CD5764F01F6D6080004EDD34 /* City.swift */ = {isa = PBXFileReference; fileEncoding = 4; lastKnownFileType = sourcecode.swift; path = City.swift; sourceTree = "<group>"; };
		CD5764F41F6D677F004EDD34 /* ZipCodeClient.swift */ = {isa = PBXFileReference; fileEncoding = 4; lastKnownFileType = sourcecode.swift; path = ZipCodeClient.swift; sourceTree = "<group>"; };
		CD5764F71F6D70B6004EDD34 /* JSONDictionary.swift */ = {isa = PBXFileReference; fileEncoding = 4; lastKnownFileType = sourcecode.swift; path = JSONDictionary.swift; sourceTree = "<group>"; };
		CD5764FD1F6D7634004EDD34 /* StatePopulationResponse.swift */ = {isa = PBXFileReference; fileEncoding = 4; lastKnownFileType = sourcecode.swift; path = StatePopulationResponse.swift; sourceTree = "<group>"; };
		CD5765001F6D76F0004EDD34 /* AverageCityPopulationResponse.swift */ = {isa = PBXFileReference; fileEncoding = 4; lastKnownFileType = sourcecode.swift; path = AverageCityPopulationResponse.swift; sourceTree = "<group>"; };
		CD5765021F6D77CB004EDD34 /* CityPopulationResponse.swift */ = {isa = PBXFileReference; fileEncoding = 4; lastKnownFileType = sourcecode.swift; path = CityPopulationResponse.swift; sourceTree = "<group>"; };
		CD5765041F6D7855004EDD34 /* BiggestSmallestCitiesResponse.swift */ = {isa = PBXFileReference; fileEncoding = 4; lastKnownFileType = sourcecode.swift; path = BiggestSmallestCitiesResponse.swift; sourceTree = "<group>"; };
		CD5767501F6E9339004EDD34 /* ConsoleViewController.swift */ = {isa = PBXFileReference; fileEncoding = 4; lastKnownFileType = sourcecode.swift; path = ConsoleViewController.swift; sourceTree = "<group>"; };
		CD5767521F6E945A004EDD34 /* UIColor+Application.swift */ = {isa = PBXFileReference; fileEncoding = 4; lastKnownFileType = sourcecode.swift; path = "UIColor+Application.swift"; sourceTree = "<group>"; };
		CD5767541F6E9727004EDD34 /* UIFont+Application.swift */ = {isa = PBXFileReference; fileEncoding = 4; lastKnownFileType = sourcecode.swift; path = "UIFont+Application.swift"; sourceTree = "<group>"; };
		CD57675B1F6E9B6F004EDD34 /* PromptTableViewCell.swift */ = {isa = PBXFileReference; fileEncoding = 4; lastKnownFileType = sourcecode.swift; path = PromptTableViewCell.swift; sourceTree = "<group>"; };
		CD57675D1F6E9C4B004EDD34 /* ResponseTableViewCell.swift */ = {isa = PBXFileReference; fileEncoding = 4; lastKnownFileType = sourcecode.swift; path = ResponseTableViewCell.swift; sourceTree = "<group>"; };
		CD5767621F6E9D90004EDD34 /* Prompt.swift */ = {isa = PBXFileReference; fileEncoding = 4; lastKnownFileType = sourcecode.swift; path = Prompt.swift; sourceTree = "<group>"; };
		CD5767641F6EAE4F004EDD34 /* CommandViewController.swift */ = {isa = PBXFileReference; fileEncoding = 4; lastKnownFileType = sourcecode.swift; path = CommandViewController.swift; sourceTree = "<group>"; };
		CD5767651F6EAE4F004EDD34 /* CommandViewController.xib */ = {isa = PBXFileReference; fileEncoding = 4; lastKnownFileType = file.xib; path = CommandViewController.xib; sourceTree = "<group>"; };
		CDBF213F1F6EC242009BA1A2 /* CommandViewController.Command.swift */ = {isa = PBXFileReference; fileEncoding = 4; lastKnownFileType = sourcecode.swift; path = CommandViewController.Command.swift; sourceTree = "<group>"; };
		CDEA175B1F6D38E6004EEE99 /* Server-SideAlgorithm.app */ = {isa = PBXFileReference; explicitFileType = wrapper.application; includeInIndex = 0; path = "Server-SideAlgorithm.app"; sourceTree = BUILT_PRODUCTS_DIR; };
		CDEA175E1F6D38E6004EEE99 /* AppDelegate.swift */ = {isa = PBXFileReference; lastKnownFileType = sourcecode.swift; path = AppDelegate.swift; sourceTree = "<group>"; };
		CDEA17631F6D38E6004EEE99 /* Base */ = {isa = PBXFileReference; lastKnownFileType = file.storyboard; name = Base; path = Base.lproj/Main.storyboard; sourceTree = "<group>"; };
		CDEA17651F6D38E6004EEE99 /* Assets.xcassets */ = {isa = PBXFileReference; lastKnownFileType = folder.assetcatalog; path = Assets.xcassets; sourceTree = "<group>"; };
		CDEA17681F6D38E6004EEE99 /* Base */ = {isa = PBXFileReference; lastKnownFileType = file.storyboard; name = Base; path = Base.lproj/LaunchScreen.storyboard; sourceTree = "<group>"; };
		CDEA176A1F6D38E6004EEE99 /* Info.plist */ = {isa = PBXFileReference; lastKnownFileType = text.plist.xml; path = Info.plist; sourceTree = "<group>"; };
		CDEA176F1F6D38E6004EEE99 /* Server-SideAlgorithmTests.xctest */ = {isa = PBXFileReference; explicitFileType = wrapper.cfbundle; includeInIndex = 0; path = "Server-SideAlgorithmTests.xctest"; sourceTree = BUILT_PRODUCTS_DIR; };
		CDEA17731F6D38E6004EEE99 /* Server_SideAlgorithmTests.swift */ = {isa = PBXFileReference; lastKnownFileType = sourcecode.swift; path = Server_SideAlgorithmTests.swift; sourceTree = "<group>"; };
		CDEA17751F6D38E6004EEE99 /* Info.plist */ = {isa = PBXFileReference; lastKnownFileType = text.plist.xml; path = Info.plist; sourceTree = "<group>"; };
		CDEA177E1F6D3AA4004EEE99 /* ZipCode.swift */ = {isa = PBXFileReference; fileEncoding = 4; lastKnownFileType = sourcecode.swift; path = ZipCode.swift; sourceTree = "<group>"; };
		CDEA17811F6D3E5F004EEE99 /* State+TestData.swift */ = {isa = PBXFileReference; fileEncoding = 4; lastKnownFileType = sourcecode.swift; path = "State+TestData.swift"; sourceTree = "<group>"; };
		CDEA17861F6D44A0004EEE99 /* testData.json */ = {isa = PBXFileReference; fileEncoding = 4; lastKnownFileType = text.json; name = testData.json; path = "../Server-SideAlgorithm/testData.json"; sourceTree = "<group>"; };
		CDEA17891F6D50FC004EEE99 /* Reader.swift */ = {isa = PBXFileReference; fileEncoding = 4; lastKnownFileType = sourcecode.swift; path = Reader.swift; sourceTree = "<group>"; };
		CDEA178E1F6D576F004EEE99 /* ZipCodeCalculator.swift */ = {isa = PBXFileReference; fileEncoding = 4; lastKnownFileType = sourcecode.swift; path = ZipCodeCalculator.swift; sourceTree = "<group>"; };
		CDEA17901F6D5A40004EEE99 /* State.swift */ = {isa = PBXFileReference; fileEncoding = 4; lastKnownFileType = sourcecode.swift; path = State.swift; sourceTree = "<group>"; };
/* End PBXFileReference section */

/* Begin PBXFrameworksBuildPhase section */
		CDEA17581F6D38E6004EEE99 /* Frameworks */ = {
			isa = PBXFrameworksBuildPhase;
			buildActionMask = 2147483647;
			files = (
			);
			runOnlyForDeploymentPostprocessing = 0;
		};
		CDEA176C1F6D38E6004EEE99 /* Frameworks */ = {
			isa = PBXFrameworksBuildPhase;
			buildActionMask = 2147483647;
			files = (
			);
			runOnlyForDeploymentPostprocessing = 0;
		};
/* End PBXFrameworksBuildPhase section */

/* Begin PBXGroup section */
		CD5764FA1F6D744E004EDD34 /* Model */ = {
			isa = PBXGroup;
			children = (
				CDEA17901F6D5A40004EEE99 /* State.swift */,
				CD5764F01F6D6080004EDD34 /* City.swift */,
				CDEA177E1F6D3AA4004EEE99 /* ZipCode.swift */,
				CDEA178E1F6D576F004EEE99 /* ZipCodeCalculator.swift */,
				CD5767621F6E9D90004EDD34 /* Prompt.swift */,
				CDBF213F1F6EC242009BA1A2 /* CommandViewController.Command.swift */,
				CD5765091F6D7A2A004EDD34 /* Response Models */,
			);
			name = Model;
			sourceTree = "<group>";
		};
		CD5764FB1F6D7466004EDD34 /* Misc */ = {
			isa = PBXGroup;
			children = (
				CDEA17891F6D50FC004EEE99 /* Reader.swift */,
				CD5764F71F6D70B6004EDD34 /* JSONDictionary.swift */,
			);
			name = Misc;
			sourceTree = "<group>";
		};
		CD5764FC1F6D747F004EDD34 /* Networking */ = {
			isa = PBXGroup;
			children = (
				CD5764F41F6D677F004EDD34 /* ZipCodeClient.swift */,
			);
			name = Networking;
			sourceTree = "<group>";
		};
		CD5765091F6D7A2A004EDD34 /* Response Models */ = {
			isa = PBXGroup;
			children = (
				CD5764FD1F6D7634004EDD34 /* StatePopulationResponse.swift */,
				CD5765001F6D76F0004EDD34 /* AverageCityPopulationResponse.swift */,
				CD5765021F6D77CB004EDD34 /* CityPopulationResponse.swift */,
				CD5765041F6D7855004EDD34 /* BiggestSmallestCitiesResponse.swift */,
			);
			name = "Response Models";
			sourceTree = "<group>";
		};
		CD5767561F6E9AAD004EDD34 /* Extensions */ = {
			isa = PBXGroup;
			children = (
				CD5767521F6E945A004EDD34 /* UIColor+Application.swift */,
				CD5767541F6E9727004EDD34 /* UIFont+Application.swift */,
			);
			name = Extensions;
			sourceTree = "<group>";
		};
		CD57675F1F6E9D0B004EDD34 /* Views */ = {
			isa = PBXGroup;
			children = (
				CD57675B1F6E9B6F004EDD34 /* PromptTableViewCell.swift */,
				CD57675D1F6E9C4B004EDD34 /* ResponseTableViewCell.swift */,
			);
			name = Views;
			sourceTree = "<group>";
		};
		CD5767601F6E9D1A004EDD34 /* Controllers */ = {
			isa = PBXGroup;
			children = (
				CD5767611F6E9D26004EDD34 /* Console */,
				CD5767681F6EAE69004EDD34 /* Command */,
			);
			name = Controllers;
			sourceTree = "<group>";
		};
		CD5767611F6E9D26004EDD34 /* Console */ = {
			isa = PBXGroup;
			children = (
				CD5767501F6E9339004EDD34 /* ConsoleViewController.swift */,
				CD57675F1F6E9D0B004EDD34 /* Views */,
			);
			name = Console;
			sourceTree = "<group>";
		};
		CD5767681F6EAE69004EDD34 /* Command */ = {
			isa = PBXGroup;
			children = (
				CD5767641F6EAE4F004EDD34 /* CommandViewController.swift */,
				CD5767651F6EAE4F004EDD34 /* CommandViewController.xib */,
			);
			name = Command;
			sourceTree = "<group>";
		};
		CDEA17521F6D38E6004EEE99 = {
			isa = PBXGroup;
			children = (
				CDEA175D1F6D38E6004EEE99 /* Server-SideAlgorithm */,
				CDEA17721F6D38E6004EEE99 /* Server-SideAlgorithmTests */,
				CDEA175C1F6D38E6004EEE99 /* Products */,
			);
			sourceTree = "<group>";
		};
		CDEA175C1F6D38E6004EEE99 /* Products */ = {
			isa = PBXGroup;
			children = (
				CDEA175B1F6D38E6004EEE99 /* Server-SideAlgorithm.app */,
				CDEA176F1F6D38E6004EEE99 /* Server-SideAlgorithmTests.xctest */,
			);
			name = Products;
			sourceTree = "<group>";
		};
		CDEA175D1F6D38E6004EEE99 /* Server-SideAlgorithm */ = {
			isa = PBXGroup;
			children = (
				CDEA175E1F6D38E6004EEE99 /* AppDelegate.swift */,
				CD5767601F6E9D1A004EDD34 /* Controllers */,
				CD5764FA1F6D744E004EDD34 /* Model */,
				CD5764FC1F6D747F004EDD34 /* Networking */,
				CD5767561F6E9AAD004EDD34 /* Extensions */,
				CD5764FB1F6D7466004EDD34 /* Misc */,
				CDEA17621F6D38E6004EEE99 /* Main.storyboard */,
				CDEA17651F6D38E6004EEE99 /* Assets.xcassets */,
				CDEA17671F6D38E6004EEE99 /* LaunchScreen.storyboard */,
				CDEA176A1F6D38E6004EEE99 /* Info.plist */,
			);
			path = "Server-SideAlgorithm";
			sourceTree = "<group>";
		};
		CDEA17721F6D38E6004EEE99 /* Server-SideAlgorithmTests */ = {
			isa = PBXGroup;
			children = (
				CDEA17731F6D38E6004EEE99 /* Server_SideAlgorithmTests.swift */,
				CDEA17811F6D3E5F004EEE99 /* State+TestData.swift */,
				CDEA17861F6D44A0004EEE99 /* testData.json */,
				CDEA17751F6D38E6004EEE99 /* Info.plist */,
			);
			path = "Server-SideAlgorithmTests";
			sourceTree = "<group>";
		};
/* End PBXGroup section */

/* Begin PBXNativeTarget section */
		CDEA175A1F6D38E6004EEE99 /* Server-SideAlgorithm */ = {
			isa = PBXNativeTarget;
			buildConfigurationList = CDEA17781F6D38E6004EEE99 /* Build configuration list for PBXNativeTarget "Server-SideAlgorithm" */;
			buildPhases = (
				CDEA17571F6D38E6004EEE99 /* Sources */,
				CDEA17581F6D38E6004EEE99 /* Frameworks */,
				CDEA17591F6D38E6004EEE99 /* Resources */,
			);
			buildRules = (
			);
			dependencies = (
			);
			name = "Server-SideAlgorithm";
			productName = "Server-SideAlgorithm";
			productReference = CDEA175B1F6D38E6004EEE99 /* Server-SideAlgorithm.app */;
			productType = "com.apple.product-type.application";
		};
		CDEA176E1F6D38E6004EEE99 /* Server-SideAlgorithmTests */ = {
			isa = PBXNativeTarget;
			buildConfigurationList = CDEA177B1F6D38E6004EEE99 /* Build configuration list for PBXNativeTarget "Server-SideAlgorithmTests" */;
			buildPhases = (
				CDEA176B1F6D38E6004EEE99 /* Sources */,
				CDEA176C1F6D38E6004EEE99 /* Frameworks */,
				CDEA176D1F6D38E6004EEE99 /* Resources */,
			);
			buildRules = (
			);
			dependencies = (
				CDEA17711F6D38E6004EEE99 /* PBXTargetDependency */,
			);
			name = "Server-SideAlgorithmTests";
			productName = "Server-SideAlgorithmTests";
			productReference = CDEA176F1F6D38E6004EEE99 /* Server-SideAlgorithmTests.xctest */;
			productType = "com.apple.product-type.bundle.unit-test";
		};
/* End PBXNativeTarget section */

/* Begin PBXProject section */
		CDEA17531F6D38E6004EEE99 /* Project object */ = {
			isa = PBXProject;
			attributes = {
				LastSwiftUpdateCheck = 0830;
				LastUpgradeCheck = 0830;
				ORGANIZATIONNAME = "Brad G.";
				TargetAttributes = {
					CDEA175A1F6D38E6004EEE99 = {
						CreatedOnToolsVersion = 8.3.3;
						DevelopmentTeam = 8DDUQH2RUD;
						ProvisioningStyle = Automatic;
					};
					CDEA176E1F6D38E6004EEE99 = {
						CreatedOnToolsVersion = 8.3.3;
						DevelopmentTeam = 8DDUQH2RUD;
						ProvisioningStyle = Automatic;
						TestTargetID = CDEA175A1F6D38E6004EEE99;
					};
				};
			};
			buildConfigurationList = CDEA17561F6D38E6004EEE99 /* Build configuration list for PBXProject "Server-SideAlgorithm" */;
			compatibilityVersion = "Xcode 3.2";
			developmentRegion = English;
			hasScannedForEncodings = 0;
			knownRegions = (
				en,
				Base,
			);
			mainGroup = CDEA17521F6D38E6004EEE99;
			productRefGroup = CDEA175C1F6D38E6004EEE99 /* Products */;
			projectDirPath = "";
			projectRoot = "";
			targets = (
				CDEA175A1F6D38E6004EEE99 /* Server-SideAlgorithm */,
				CDEA176E1F6D38E6004EEE99 /* Server-SideAlgorithmTests */,
			);
		};
/* End PBXProject section */

/* Begin PBXResourcesBuildPhase section */
		CDEA17591F6D38E6004EEE99 /* Resources */ = {
			isa = PBXResourcesBuildPhase;
			buildActionMask = 2147483647;
			files = (
				CD5767671F6EAE4F004EDD34 /* CommandViewController.xib in Resources */,
				CDEA17691F6D38E6004EEE99 /* LaunchScreen.storyboard in Resources */,
				CDEA17661F6D38E6004EEE99 /* Assets.xcassets in Resources */,
				CDEA17641F6D38E6004EEE99 /* Main.storyboard in Resources */,
			);
			runOnlyForDeploymentPostprocessing = 0;
		};
		CDEA176D1F6D38E6004EEE99 /* Resources */ = {
			isa = PBXResourcesBuildPhase;
			buildActionMask = 2147483647;
			files = (
				CDEA17881F6D4956004EEE99 /* testData.json in Resources */,
			);
			runOnlyForDeploymentPostprocessing = 0;
		};
/* End PBXResourcesBuildPhase section */

/* Begin PBXSourcesBuildPhase section */
		CDEA17571F6D38E6004EEE99 /* Sources */ = {
			isa = PBXSourcesBuildPhase;
			buildActionMask = 2147483647;
			files = (
				CD5764F81F6D70B6004EDD34 /* JSONDictionary.swift in Sources */,
				CDEA177F1F6D3AA4004EEE99 /* ZipCode.swift in Sources */,
				CD5767661F6EAE4F004EDD34 /* CommandViewController.swift in Sources */,
				CDBF21401F6EC243009BA1A2 /* CommandViewController.Command.swift in Sources */,
				CD57675E1F6E9C4B004EDD34 /* ResponseTableViewCell.swift in Sources */,
				CD5767551F6E9727004EDD34 /* UIFont+Application.swift in Sources */,
				CD5764FE1F6D7634004EDD34 /* StatePopulationResponse.swift in Sources */,
				CD5767511F6E9339004EDD34 /* ConsoleViewController.swift in Sources */,
				CD5767531F6E945A004EDD34 /* UIColor+Application.swift in Sources */,
				CD5767631F6E9D90004EDD34 /* Prompt.swift in Sources */,
				CD5765011F6D76F0004EDD34 /* AverageCityPopulationResponse.swift in Sources */,
				CD5765051F6D7855004EDD34 /* BiggestSmallestCitiesResponse.swift in Sources */,
				CDEA178A1F6D50FC004EEE99 /* Reader.swift in Sources */,
				CD57675C1F6E9B6F004EDD34 /* PromptTableViewCell.swift in Sources */,
				CD5764F51F6D677F004EDD34 /* ZipCodeClient.swift in Sources */,
				CDEA175F1F6D38E6004EEE99 /* AppDelegate.swift in Sources */,
				CDEA178F1F6D576F004EEE99 /* ZipCodeCalculator.swift in Sources */,
				CDEA17911F6D5A40004EEE99 /* State.swift in Sources */,
				CD5765031F6D77CB004EDD34 /* CityPopulationResponse.swift in Sources */,
				CD5764F11F6D6080004EDD34 /* City.swift in Sources */,
			);
			runOnlyForDeploymentPostprocessing = 0;
		};
		CDEA176B1F6D38E6004EEE99 /* Sources */ = {
			isa = PBXSourcesBuildPhase;
			buildActionMask = 2147483647;
			files = (
				CD5764F91F6D741F004EDD34 /* JSONDictionary.swift in Sources */,
				CDEA17801F6D3B87004EEE99 /* ZipCode.swift in Sources */,
				CDEA17821F6D3E5F004EEE99 /* State+TestData.swift in Sources */,
				CD5765081F6D7A1E004EDD34 /* AverageCityPopulationResponse.swift in Sources */,
				CD5764FF1F6D7636004EDD34 /* StatePopulationResponse.swift in Sources */,
				CD5764F21F6D63E2004EDD34 /* ZipCodeCalculator.swift in Sources */,
				CD5764F61F6D6850004EDD34 /* ZipCodeClient.swift in Sources */,
				CDEA178B1F6D54F8004EEE99 /* Reader.swift in Sources */,
				CDEA17921F6D5CB2004EEE99 /* State.swift in Sources */,
				CDEA17741F6D38E6004EEE99 /* Server_SideAlgorithmTests.swift in Sources */,
				CD5764F31F6D63F8004EDD34 /* City.swift in Sources */,
				CD5765071F6D7A1A004EDD34 /* CityPopulationResponse.swift in Sources */,
				CD5765061F6D7A16004EDD34 /* BiggestSmallestCitiesResponse.swift in Sources */,
			);
			runOnlyForDeploymentPostprocessing = 0;
		};
/* End PBXSourcesBuildPhase section */

/* Begin PBXTargetDependency section */
		CDEA17711F6D38E6004EEE99 /* PBXTargetDependency */ = {
			isa = PBXTargetDependency;
			target = CDEA175A1F6D38E6004EEE99 /* Server-SideAlgorithm */;
			targetProxy = CDEA17701F6D38E6004EEE99 /* PBXContainerItemProxy */;
		};
/* End PBXTargetDependency section */

/* Begin PBXVariantGroup section */
		CDEA17621F6D38E6004EEE99 /* Main.storyboard */ = {
			isa = PBXVariantGroup;
			children = (
				CDEA17631F6D38E6004EEE99 /* Base */,
			);
			name = Main.storyboard;
			sourceTree = "<group>";
		};
		CDEA17671F6D38E6004EEE99 /* LaunchScreen.storyboard */ = {
			isa = PBXVariantGroup;
			children = (
				CDEA17681F6D38E6004EEE99 /* Base */,
			);
			name = LaunchScreen.storyboard;
			sourceTree = "<group>";
		};
/* End PBXVariantGroup section */

/* Begin XCBuildConfiguration section */
		CDEA17761F6D38E6004EEE99 /* Debug */ = {
			isa = XCBuildConfiguration;
			buildSettings = {
				ALWAYS_SEARCH_USER_PATHS = NO;
				CLANG_ANALYZER_NONNULL = YES;
				CLANG_ANALYZER_NUMBER_OBJECT_CONVERSION = YES_AGGRESSIVE;
				CLANG_CXX_LANGUAGE_STANDARD = "gnu++0x";
				CLANG_CXX_LIBRARY = "libc++";
				CLANG_ENABLE_MODULES = YES;
				CLANG_ENABLE_OBJC_ARC = YES;
				CLANG_WARN_BOOL_CONVERSION = YES;
				CLANG_WARN_CONSTANT_CONVERSION = YES;
				CLANG_WARN_DIRECT_OBJC_ISA_USAGE = YES_ERROR;
				CLANG_WARN_DOCUMENTATION_COMMENTS = YES;
				CLANG_WARN_EMPTY_BODY = YES;
				CLANG_WARN_ENUM_CONVERSION = YES;
				CLANG_WARN_INFINITE_RECURSION = YES;
				CLANG_WARN_INT_CONVERSION = YES;
				CLANG_WARN_OBJC_ROOT_CLASS = YES_ERROR;
				CLANG_WARN_SUSPICIOUS_MOVE = YES;
				CLANG_WARN_UNREACHABLE_CODE = YES;
				CLANG_WARN__DUPLICATE_METHOD_MATCH = YES;
				"CODE_SIGN_IDENTITY[sdk=iphoneos*]" = "iPhone Developer";
				COPY_PHASE_STRIP = NO;
				DEBUG_INFORMATION_FORMAT = dwarf;
				ENABLE_STRICT_OBJC_MSGSEND = YES;
				ENABLE_TESTABILITY = YES;
				GCC_C_LANGUAGE_STANDARD = gnu99;
				GCC_DYNAMIC_NO_PIC = NO;
				GCC_NO_COMMON_BLOCKS = YES;
				GCC_OPTIMIZATION_LEVEL = 0;
				GCC_PREPROCESSOR_DEFINITIONS = (
					"DEBUG=1",
					"$(inherited)",
				);
				GCC_WARN_64_TO_32_BIT_CONVERSION = YES;
				GCC_WARN_ABOUT_RETURN_TYPE = YES_ERROR;
				GCC_WARN_UNDECLARED_SELECTOR = YES;
				GCC_WARN_UNINITIALIZED_AUTOS = YES_AGGRESSIVE;
				GCC_WARN_UNUSED_FUNCTION = YES;
				GCC_WARN_UNUSED_VARIABLE = YES;
				IPHONEOS_DEPLOYMENT_TARGET = 10.3;
				MTL_ENABLE_DEBUG_INFO = YES;
				ONLY_ACTIVE_ARCH = YES;
				SDKROOT = iphoneos;
				SWIFT_ACTIVE_COMPILATION_CONDITIONS = DEBUG;
				SWIFT_OPTIMIZATION_LEVEL = "-Onone";
				TARGETED_DEVICE_FAMILY = "1,2";
			};
			name = Debug;
		};
		CDEA17771F6D38E6004EEE99 /* Release */ = {
			isa = XCBuildConfiguration;
			buildSettings = {
				ALWAYS_SEARCH_USER_PATHS = NO;
				CLANG_ANALYZER_NONNULL = YES;
				CLANG_ANALYZER_NUMBER_OBJECT_CONVERSION = YES_AGGRESSIVE;
				CLANG_CXX_LANGUAGE_STANDARD = "gnu++0x";
				CLANG_CXX_LIBRARY = "libc++";
				CLANG_ENABLE_MODULES = YES;
				CLANG_ENABLE_OBJC_ARC = YES;
				CLANG_WARN_BOOL_CONVERSION = YES;
				CLANG_WARN_CONSTANT_CONVERSION = YES;
				CLANG_WARN_DIRECT_OBJC_ISA_USAGE = YES_ERROR;
				CLANG_WARN_DOCUMENTATION_COMMENTS = YES;
				CLANG_WARN_EMPTY_BODY = YES;
				CLANG_WARN_ENUM_CONVERSION = YES;
				CLANG_WARN_INFINITE_RECURSION = YES;
				CLANG_WARN_INT_CONVERSION = YES;
				CLANG_WARN_OBJC_ROOT_CLASS = YES_ERROR;
				CLANG_WARN_SUSPICIOUS_MOVE = YES;
				CLANG_WARN_UNREACHABLE_CODE = YES;
				CLANG_WARN__DUPLICATE_METHOD_MATCH = YES;
				"CODE_SIGN_IDENTITY[sdk=iphoneos*]" = "iPhone Developer";
				COPY_PHASE_STRIP = NO;
				DEBUG_INFORMATION_FORMAT = "dwarf-with-dsym";
				ENABLE_NS_ASSERTIONS = NO;
				ENABLE_STRICT_OBJC_MSGSEND = YES;
				GCC_C_LANGUAGE_STANDARD = gnu99;
				GCC_NO_COMMON_BLOCKS = YES;
				GCC_WARN_64_TO_32_BIT_CONVERSION = YES;
				GCC_WARN_ABOUT_RETURN_TYPE = YES_ERROR;
				GCC_WARN_UNDECLARED_SELECTOR = YES;
				GCC_WARN_UNINITIALIZED_AUTOS = YES_AGGRESSIVE;
				GCC_WARN_UNUSED_FUNCTION = YES;
				GCC_WARN_UNUSED_VARIABLE = YES;
				IPHONEOS_DEPLOYMENT_TARGET = 10.3;
				MTL_ENABLE_DEBUG_INFO = NO;
				SDKROOT = iphoneos;
				SWIFT_OPTIMIZATION_LEVEL = "-Owholemodule";
				TARGETED_DEVICE_FAMILY = "1,2";
				VALIDATE_PRODUCT = YES;
			};
			name = Release;
		};
		CDEA17791F6D38E6004EEE99 /* Debug */ = {
			isa = XCBuildConfiguration;
			buildSettings = {
				ASSETCATALOG_COMPILER_APPICON_NAME = AppIcon;
				DEVELOPMENT_TEAM = 8DDUQH2RUD;
				INFOPLIST_FILE = "Server-SideAlgorithm/Info.plist";
				IPHONEOS_DEPLOYMENT_TARGET = 9.0;
				LD_RUNPATH_SEARCH_PATHS = "$(inherited) @executable_path/Frameworks";
				PRODUCT_BUNDLE_IDENTIFIER = "bradgayman.Server-SideAlgorithm";
				PRODUCT_NAME = "$(TARGET_NAME)";
				SWIFT_VERSION = 3.0;
			};
			name = Debug;
		};
		CDEA177A1F6D38E6004EEE99 /* Release */ = {
			isa = XCBuildConfiguration;
			buildSettings = {
				ASSETCATALOG_COMPILER_APPICON_NAME = AppIcon;
				DEVELOPMENT_TEAM = 8DDUQH2RUD;
				INFOPLIST_FILE = "Server-SideAlgorithm/Info.plist";
				IPHONEOS_DEPLOYMENT_TARGET = 9.0;
				LD_RUNPATH_SEARCH_PATHS = "$(inherited) @executable_path/Frameworks";
				PRODUCT_BUNDLE_IDENTIFIER = "bradgayman.Server-SideAlgorithm";
				PRODUCT_NAME = "$(TARGET_NAME)";
				SWIFT_VERSION = 3.0;
			};
			name = Release;
		};
		CDEA177C1F6D38E6004EEE99 /* Debug */ = {
			isa = XCBuildConfiguration;
			buildSettings = {
				ALWAYS_EMBED_SWIFT_STANDARD_LIBRARIES = YES;
				BUNDLE_LOADER = "$(TEST_HOST)";
				DEVELOPMENT_TEAM = 8DDUQH2RUD;
				INFOPLIST_FILE = "Server-SideAlgorithmTests/Info.plist";
				LD_RUNPATH_SEARCH_PATHS = "$(inherited) @executable_path/Frameworks @loader_path/Frameworks";
				PRODUCT_BUNDLE_IDENTIFIER = "bradgayman.Server-SideAlgorithmTests";
				PRODUCT_NAME = "$(TARGET_NAME)";
				SWIFT_VERSION = 3.0;
				TEST_HOST = "$(BUILT_PRODUCTS_DIR)/Server-SideAlgorithm.app/Server-SideAlgorithm";
			};
			name = Debug;
		};
		CDEA177D1F6D38E6004EEE99 /* Release */ = {
			isa = XCBuildConfiguration;
			buildSettings = {
				ALWAYS_EMBED_SWIFT_STANDARD_LIBRARIES = YES;
				BUNDLE_LOADER = "$(TEST_HOST)";
				DEVELOPMENT_TEAM = 8DDUQH2RUD;
				INFOPLIST_FILE = "Server-SideAlgorithmTests/Info.plist";
				LD_RUNPATH_SEARCH_PATHS = "$(inherited) @executable_path/Frameworks @loader_path/Frameworks";
				PRODUCT_BUNDLE_IDENTIFIER = "bradgayman.Server-SideAlgorithmTests";
				PRODUCT_NAME = "$(TARGET_NAME)";
				SWIFT_VERSION = 3.0;
				TEST_HOST = "$(BUILT_PRODUCTS_DIR)/Server-SideAlgorithm.app/Server-SideAlgorithm";
			};
			name = Release;
		};
/* End XCBuildConfiguration section */

/* Begin XCConfigurationList section */
		CDEA17561F6D38E6004EEE99 /* Build configuration list for PBXProject "Server-SideAlgorithm" */ = {
			isa = XCConfigurationList;
			buildConfigurations = (
				CDEA17761F6D38E6004EEE99 /* Debug */,
				CDEA17771F6D38E6004EEE99 /* Release */,
			);
			defaultConfigurationIsVisible = 0;
			defaultConfigurationName = Release;
		};
		CDEA17781F6D38E6004EEE99 /* Build configuration list for PBXNativeTarget "Server-SideAlgorithm" */ = {
			isa = XCConfigurationList;
			buildConfigurations = (
				CDEA17791F6D38E6004EEE99 /* Debug */,
				CDEA177A1F6D38E6004EEE99 /* Release */,
			);
			defaultConfigurationIsVisible = 0;
			defaultConfigurationName = Release;
		};
		CDEA177B1F6D38E6004EEE99 /* Build configuration list for PBXNativeTarget "Server-SideAlgorithmTests" */ = {
			isa = XCConfigurationList;
			buildConfigurations = (
				CDEA177C1F6D38E6004EEE99 /* Debug */,
				CDEA177D1F6D38E6004EEE99 /* Release */,
			);
			defaultConfigurationIsVisible = 0;
			defaultConfigurationName = Release;
		};
/* End XCConfigurationList section */
	};
	rootObject = CDEA17531F6D38E6004EEE99 /* Project object */;
}
